
Microsoft Visual Studio Solution File, Format Version 12.00
# Visual Studio 15
VisualStudioVersion = 15.0.27130.2036
MinimumVisualStudioVersion = 10.0.40219.1
Project("{FAE04EC0-301F-11D3-BF4B-00C04F79EFBC}") = "ToDoAndDid", "ToDoAndDid\ToDoAndDid.csproj", "{1732838B-97A0-4FCC-B2C1-BDA4E0C61F77}"
EndProject
Global
	GlobalSection(SolutionConfigurationPlatforms) = preSolution
		Debug|Any CPU = Debug|Any CPU
		Release|Any CPU = Release|Any CPU
	EndGlobalSection
	GlobalSection(ProjectConfigurationPlatforms) = postSolution
		{1732838B-97A0-4FCC-B2C1-BDA4E0C61F77}.Debug|Any CPU.ActiveCfg = Debug|Any CPU
		{1732838B-97A0-4FCC-B2C1-BDA4E0C61F77}.Debug|Any CPU.Build.0 = Debug|Any CPU
		{1732838B-97A0-4FCC-B2C1-BDA4E0C61F77}.Release|Any CPU.ActiveCfg = Release|Any CPU
		{1732838B-97A0-4FCC-B2C1-BDA4E0C61F77}.Release|Any CPU.Build.0 = Release|Any CPU
	EndGlobalSection
	GlobalSection(SolutionProperties) = preSolution
		HideSolutionNode = FALSE
	EndGlobalSection
	GlobalSection(ExtensibilityGlobals) = postSolution
		SolutionGuid = {B28519B0-FDF6-4B81-869A-A3B7F158CBA2}
	EndGlobalSection
EndGlobal
